// !$*UTF8*$!
{
	archiveVersion = 1;
	classes = {
	};
	objectVersion = 46;
	objects = {

/* Begin PBXBuildFile section */
		9F7454F71F817F9D00D0A605 /* SmartPlugSwitch.swift in Sources */ = {isa = PBXBuildFile; fileRef = 9F7454F61F817F9D00D0A605 /* SmartPlugSwitch.swift */; };
		9F7454F91F817F9D00D0A605 /* Assets.xcassets in Resources */ = {isa = PBXBuildFile; fileRef = 9F7454F81F817F9D00D0A605 /* Assets.xcassets */; };
		9F7454FC1F817F9D00D0A605 /* MainMenu.xib in Resources */ = {isa = PBXBuildFile; fileRef = 9F7454FA1F817F9D00D0A605 /* MainMenu.xib */; };
/* End PBXBuildFile section */

/* Begin PBXFileReference section */
		9F7454F31F817F9D00D0A605 /* SmartPlugSwitch.app */ = {isa = PBXFileReference; explicitFileType = wrapper.application; includeInIndex = 0; path = SmartPlugSwitch.app; sourceTree = BUILT_PRODUCTS_DIR; };
		9F7454F61F817F9D00D0A605 /* SmartPlugSwitch.swift */ = {isa = PBXFileReference; lastKnownFileType = sourcecode.swift; path = SmartPlugSwitch.swift; sourceTree = "<group>"; };
		9F7454F81F817F9D00D0A605 /* Assets.xcassets */ = {isa = PBXFileReference; lastKnownFileType = folder.assetcatalog; path = Assets.xcassets; sourceTree = "<group>"; };
		9F7454FB1F817F9D00D0A605 /* Base */ = {isa = PBXFileReference; lastKnownFileType = file.xib; name = Base; path = Base.lproj/MainMenu.xib; sourceTree = "<group>"; };
		9F7454FD1F817F9D00D0A605 /* Info.plist */ = {isa = PBXFileReference; lastKnownFileType = text.plist.xml; path = Info.plist; sourceTree = "<group>"; };
/* End PBXFileReference section */

/* Begin PBXFrameworksBuildPhase section */
		9F7454F01F817F9D00D0A605 /* Frameworks */ = {
			isa = PBXFrameworksBuildPhase;
			buildActionMask = 2147483647;
			files = (
			);
			runOnlyForDeploymentPostprocessing = 0;
		};
/* End PBXFrameworksBuildPhase section */

/* Begin PBXGroup section */
		9F7454EA1F817F9D00D0A605 = {
			isa = PBXGroup;
			children = (
				9F7454F51F817F9D00D0A605 /* SmartPlugSwitch */,
				9F7454F41F817F9D00D0A605 /* Products */,
			);
			sourceTree = "<group>";
		};
		9F7454F41F817F9D00D0A605 /* Products */ = {
			isa = PBXGroup;
			children = (
				9F7454F31F817F9D00D0A605 /* SmartPlugSwitch.app */,
			);
			name = Products;
			sourceTree = "<group>";
		};
		9F7454F51F817F9D00D0A605 /* SmartPlugSwitch */ = {
			isa = PBXGroup;
			children = (
				9F7454F61F817F9D00D0A605 /* SmartPlugSwitch.swift */,
				9F7454F81F817F9D00D0A605 /* Assets.xcassets */,
				9F7454FA1F817F9D00D0A605 /* MainMenu.xib */,
				9F7454FD1F817F9D00D0A605 /* Info.plist */,
			);
			path = SmartPlugSwitch;
			sourceTree = "<group>";
		};
/* End PBXGroup section */

/* Begin PBXNativeTarget section */
		9F7454F21F817F9D00D0A605 /* SmartPlugSwitch */ = {
			isa = PBXNativeTarget;
			buildConfigurationList = 9F7455001F817F9D00D0A605 /* Build configuration list for PBXNativeTarget "SmartPlugSwitch" */;
			buildPhases = (
				9F7454EF1F817F9D00D0A605 /* Sources */,
				9F7454F01F817F9D00D0A605 /* Frameworks */,
				9F7454F11F817F9D00D0A605 /* Resources */,
			);
			buildRules = (
			);
			dependencies = (
			);
			name = SmartPlugSwitch;
			productName = KasaSwitch;
			productReference = 9F7454F31F817F9D00D0A605 /* SmartPlugSwitch.app */;
			productType = "com.apple.product-type.application";
		};
/* End PBXNativeTarget section */

/* Begin PBXProject section */
		9F7454EB1F817F9D00D0A605 /* Project object */ = {
			isa = PBXProject;
			attributes = {
				LastSwiftUpdateCheck = 0820;
				LastUpgradeCheck = 0820;
				ORGANIZATIONNAME = "Stan Tyan";
				TargetAttributes = {
					9F7454F21F817F9D00D0A605 = {
						CreatedOnToolsVersion = 8.2.1;
						ProvisioningStyle = Automatic;
					};
				};
			};
			buildConfigurationList = 9F7454EE1F817F9D00D0A605 /* Build configuration list for PBXProject "SmartPlugSwitch" */;
			compatibilityVersion = "Xcode 3.2";
			developmentRegion = English;
			hasScannedForEncodings = 0;
			knownRegions = (
				en,
				Base,
			);
			mainGroup = 9F7454EA1F817F9D00D0A605;
			productRefGroup = 9F7454F41F817F9D00D0A605 /* Products */;
			projectDirPath = "";
			projectRoot = "";
			targets = (
				9F7454F21F817F9D00D0A605 /* SmartPlugSwitch */,
			);
		};
/* End PBXProject section */

/* Begin PBXResourcesBuildPhase section */
		9F7454F11F817F9D00D0A605 /* Resources */ = {
			isa = PBXResourcesBuildPhase;
			buildActionMask = 2147483647;
			files = (
				9F7454F91F817F9D00D0A605 /* Assets.xcassets in Resources */,
				9F7454FC1F817F9D00D0A605 /* MainMenu.xib in Resources */,
			);
			runOnlyForDeploymentPostprocessing = 0;
		};
/* End PBXResourcesBuildPhase section */

/* Begin PBXSourcesBuildPhase section */
		9F7454EF1F817F9D00D0A605 /* Sources */ = {
			isa = PBXSourcesBuildPhase;
			buildActionMask = 2147483647;
			files = (
				9F7454F71F817F9D00D0A605 /* SmartPlugSwitch.swift in Sources */,
			);
			runOnlyForDeploymentPostprocessing = 0;
		};
/* End PBXSourcesBuildPhase section */

/* Begin PBXVariantGroup section */
		9F7454FA1F817F9D00D0A605 /* MainMenu.xib */ = {
			isa = PBXVariantGroup;
			children = (
				9F7454FB1F817F9D00D0A605 /* Base */,
			);
			name = MainMenu.xib;
			sourceTree = "<group>";
		};
/* End PBXVariantGroup section */

/* Begin XCBuildConfiguration section */
		9F7454FE1F817F9D00D0A605 /* Debug */ = {
			isa = XCBuildConfiguration;
			buildSettings = {
				ALWAYS_SEARCH_USER_PATHS = NO;
				CLANG_ANALYZER_NONNULL = YES;
				CLANG_CXX_LANGUAGE_STANDARD = "gnu++0x";
				CLANG_CXX_LIBRARY = "libc++";
				CLANG_ENABLE_MODULES = YES;
				CLANG_ENABLE_OBJC_ARC = YES;
				CLANG_WARN_BOOL_CONVERSION = YES;
				CLANG_WARN_CONSTANT_CONVERSION = YES;
				CLANG_WARN_DIRECT_OBJC_ISA_USAGE = YES_ERROR;
				CLANG_WARN_DOCUMENTATION_COMMENTS = YES;
				CLANG_WARN_EMPTY_BODY = YES;
				CLANG_WARN_ENUM_CONVERSION = YES;
				CLANG_WARN_INFINITE_RECURSION = YES;
				CLANG_WARN_INT_CONVERSION = YES;
				CLANG_WARN_OBJC_ROOT_CLASS = YES_ERROR;
				CLANG_WARN_SUSPICIOUS_MOVE = YES;
				CLANG_WARN_UNREACHABLE_CODE = YES;
				CLANG_WARN__DUPLICATE_METHOD_MATCH = YES;
				CODE_SIGN_IDENTITY = "-";
				COPY_PHASE_STRIP = NO;
				DEBUG_INFORMATION_FORMAT = dwarf;
				ENABLE_STRICT_OBJC_MSGSEND = YES;
				ENABLE_TESTABILITY = YES;
				GCC_C_LANGUAGE_STANDARD = gnu99;
				GCC_DYNAMIC_NO_PIC = NO;
				GCC_NO_COMMON_BLOCKS = YES;
				GCC_OPTIMIZATION_LEVEL = 0;
				GCC_PREPROCESSOR_DEFINITIONS = (
					"DEBUG=1",
					"$(inherited)",
				);
				GCC_WARN_64_TO_32_BIT_CONVERSION = YES;
				GCC_WARN_ABOUT_RETURN_TYPE = YES_ERROR;
				GCC_WARN_UNDECLARED_SELECTOR = YES;
				GCC_WARN_UNINITIALIZED_AUTOS = YES_AGGRESSIVE;
				GCC_WARN_UNUSED_FUNCTION = YES;
				GCC_WARN_UNUSED_VARIABLE = YES;
				MACOSX_DEPLOYMENT_TARGET = 10.11;
				MTL_ENABLE_DEBUG_INFO = YES;
				ONLY_ACTIVE_ARCH = YES;
				SDKROOT = macosx;
				SWIFT_ACTIVE_COMPILATION_CONDITIONS = DEBUG;
				SWIFT_OPTIMIZATION_LEVEL = "-Onone";
			};
			name = Debug;
		};
		9F7454FF1F817F9D00D0A605 /* Release */ = {
			isa = XCBuildConfiguration;
			buildSettings = {
				ALWAYS_SEARCH_USER_PATHS = NO;
				CLANG_ANALYZER_NONNULL = YES;
				CLANG_CXX_LANGUAGE_STANDARD = "gnu++0x";
				CLANG_CXX_LIBRARY = "libc++";
				CLANG_ENABLE_MODULES = YES;
				CLANG_ENABLE_OBJC_ARC = YES;
				CLANG_WARN_BOOL_CONVERSION = YES;
				CLANG_WARN_CONSTANT_CONVERSION = YES;
				CLANG_WARN_DIRECT_OBJC_ISA_USAGE = YES_ERROR;
				CLANG_WARN_DOCUMENTATION_COMMENTS = YES;
				CLANG_WARN_EMPTY_BODY = YES;
				CLANG_WARN_ENUM_CONVERSION = YES;
				CLANG_WARN_INFINITE_RECURSION = YES;
				CLANG_WARN_INT_CONVERSION = YES;
				CLANG_WARN_OBJC_ROOT_CLASS = YES_ERROR;
				CLANG_WARN_SUSPICIOUS_MOVE = YES;
				CLANG_WARN_UNREACHABLE_CODE = YES;
				CLANG_WARN__DUPLICATE_METHOD_MATCH = YES;
				CODE_SIGN_IDENTITY = "-";
				COPY_PHASE_STRIP = NO;
				DEBUG_INFORMATION_FORMAT = "dwarf-with-dsym";
				ENABLE_NS_ASSERTIONS = NO;
				ENABLE_STRICT_OBJC_MSGSEND = YES;
				GCC_C_LANGUAGE_STANDARD = gnu99;
				GCC_NO_COMMON_BLOCKS = YES;
				GCC_WARN_64_TO_32_BIT_CONVERSION = YES;
				GCC_WARN_ABOUT_RETURN_TYPE = YES_ERROR;
				GCC_WARN_UNDECLARED_SELECTOR = YES;
				GCC_WARN_UNINITIALIZED_AUTOS = YES_AGGRESSIVE;
				GCC_WARN_UNUSED_FUNCTION = YES;
				GCC_WARN_UNUSED_VARIABLE = YES;
				MACOSX_DEPLOYMENT_TARGET = 10.11;
				MTL_ENABLE_DEBUG_INFO = NO;
				SDKROOT = macosx;
				SWIFT_OPTIMIZATION_LEVEL = "-Owholemodule";
			};
			name = Release;
		};
		9F7455011F817F9D00D0A605 /* Debug */ = {
			isa = XCBuildConfiguration;
			buildSettings = {
				ASSETCATALOG_COMPILER_APPICON_NAME = AppIcon;
				COMBINE_HIDPI_IMAGES = YES;
				INFOPLIST_FILE = SmartPlugSwitch/Info.plist;
				LD_RUNPATH_SEARCH_PATHS = "$(inherited) @executable_path/../Frameworks";
				PRODUCT_BUNDLE_IDENTIFIER = stantyan.SmartPlugSwitch;
				PRODUCT_NAME = "$(TARGET_NAME)";
				SWIFT_VERSION = 3.0;
			};
			name = Debug;
		};
		9F7455021F817F9D00D0A605 /* Release */ = {
			isa = XCBuildConfiguration;
			buildSettings = {
				ASSETCATALOG_COMPILER_APPICON_NAME = AppIcon;
				COMBINE_HIDPI_IMAGES = YES;
				INFOPLIST_FILE = SmartPlugSwitch/Info.plist;
				LD_RUNPATH_SEARCH_PATHS = "$(inherited) @executable_path/../Frameworks";
				PRODUCT_BUNDLE_IDENTIFIER = stantyan.SmartPlugSwitch;
				PRODUCT_NAME = "$(TARGET_NAME)";
				SWIFT_VERSION = 3.0;
			};
			name = Release;
		};
/* End XCBuildConfiguration section */

/* Begin XCConfigurationList section */
		9F7454EE1F817F9D00D0A605 /* Build configuration list for PBXProject "SmartPlugSwitch" */ = {
			isa = XCConfigurationList;
			buildConfigurations = (
				9F7454FE1F817F9D00D0A605 /* Debug */,
				9F7454FF1F817F9D00D0A605 /* Release */,
			);
			defaultConfigurationIsVisible = 0;
			defaultConfigurationName = Release;
		};
		9F7455001F817F9D00D0A605 /* Build configuration list for PBXNativeTarget "SmartPlugSwitch" */ = {
			isa = XCConfigurationList;
			buildConfigurations = (
				9F7455011F817F9D00D0A605 /* Debug */,
				9F7455021F817F9D00D0A605 /* Release */,
			);
			defaultConfigurationIsVisible = 0;
			defaultConfigurationName = Release;
		};
/* End XCConfigurationList section */
	};
	rootObject = 9F7454EB1F817F9D00D0A605 /* Project object */;
}
